
Microsoft Visual Studio Solution File, Format Version 12.00
# Visual Studio 2012
Project("{FAE04EC0-301F-11D3-BF4B-00C04F79EFBC}") = "ImageSite", "ImageSite\ImageSite.csproj", "{02D22BF8-3EAC-466F-882D-7AA3E4ADCEBA}"
EndProject
Global
	GlobalSection(SolutionConfigurationPlatforms) = preSolution
		Debug|Any CPU = Debug|Any CPU
		Release|Any CPU = Release|Any CPU
	EndGlobalSection
	GlobalSection(ProjectConfigurationPlatforms) = postSolution
		{02D22BF8-3EAC-466F-882D-7AA3E4ADCEBA}.Debug|Any CPU.ActiveCfg = Debug|Any CPU
		{02D22BF8-3EAC-466F-882D-7AA3E4ADCEBA}.Debug|Any CPU.Build.0 = Debug|Any CPU
		{02D22BF8-3EAC-466F-882D-7AA3E4ADCEBA}.Release|Any CPU.ActiveCfg = Release|Any CPU
		{02D22BF8-3EAC-466F-882D-7AA3E4ADCEBA}.Release|Any CPU.Build.0 = Release|Any CPU
	EndGlobalSection
	GlobalSection(SolutionProperties) = preSolution
		HideSolutionNode = FALSE
	EndGlobalSection
EndGlobal
